// !$*UTF8*$!
{
	archiveVersion = 1;
	classes = {
	};
	objectVersion = 46;
	objects = {

/* Begin PBXBuildFile section */
		9C0AB1A01A9964A800479721 /* Instructions.m in Sources */ = {isa = PBXBuildFile; fileRef = 9C0AB19F1A9964A800479721 /* Instructions.m */; };
		9C0AB1A21A997C2200479721 /* Instruction0x0.m in Sources */ = {isa = PBXBuildFile; fileRef = 9C0AB1A11A997C2200479721 /* Instruction0x0.m */; };
		9C0AB1A41A997CA400479721 /* Instruction0x1.m in Sources */ = {isa = PBXBuildFile; fileRef = 9C0AB1A31A997CA400479721 /* Instruction0x1.m */; };
		9C0AB1A61A997CCE00479721 /* Instruction0x2.m in Sources */ = {isa = PBXBuildFile; fileRef = 9C0AB1A51A997CCE00479721 /* Instruction0x2.m */; };
		9C0AB1A81A997CFE00479721 /* Instruction0x3.m in Sources */ = {isa = PBXBuildFile; fileRef = 9C0AB1A71A997CFE00479721 /* Instruction0x3.m */; };
		9C0AB1B51A997ECF00479721 /* Instruction0x4.m in Sources */ = {isa = PBXBuildFile; fileRef = 9C0AB1A91A997ECF00479721 /* Instruction0x4.m */; };
		9C0AB1B61A997ECF00479721 /* Instruction0x5.m in Sources */ = {isa = PBXBuildFile; fileRef = 9C0AB1AA1A997ECF00479721 /* Instruction0x5.m */; };
		9C0AB1B71A997ECF00479721 /* Instruction0x6.m in Sources */ = {isa = PBXBuildFile; fileRef = 9C0AB1AB1A997ECF00479721 /* Instruction0x6.m */; };
		9C0AB1B81A997ECF00479721 /* Instruction0x7.m in Sources */ = {isa = PBXBuildFile; fileRef = 9C0AB1AC1A997ECF00479721 /* Instruction0x7.m */; };
		9C0AB1B91A997ECF00479721 /* Instruction0x8.m in Sources */ = {isa = PBXBuildFile; fileRef = 9C0AB1AD1A997ECF00479721 /* Instruction0x8.m */; };
		9C0AB1BA1A997ECF00479721 /* Instruction0x9.m in Sources */ = {isa = PBXBuildFile; fileRef = 9C0AB1AE1A997ECF00479721 /* Instruction0x9.m */; };
		9C0AB1BB1A997ECF00479721 /* Instruction0xA.m in Sources */ = {isa = PBXBuildFile; fileRef = 9C0AB1AF1A997ECF00479721 /* Instruction0xA.m */; };
		9C0AB1BC1A997ECF00479721 /* Instruction0xB.m in Sources */ = {isa = PBXBuildFile; fileRef = 9C0AB1B01A997ECF00479721 /* Instruction0xB.m */; };
		9C0AB1BD1A997ECF00479721 /* Instruction0xC.m in Sources */ = {isa = PBXBuildFile; fileRef = 9C0AB1B11A997ECF00479721 /* Instruction0xC.m */; };
		9C0AB1BE1A997ECF00479721 /* Instruction0xD.m in Sources */ = {isa = PBXBuildFile; fileRef = 9C0AB1B21A997ECF00479721 /* Instruction0xD.m */; };
		9C0AB1BF1A997ECF00479721 /* Instruction0xE.m in Sources */ = {isa = PBXBuildFile; fileRef = 9C0AB1B31A997ECF00479721 /* Instruction0xE.m */; };
		9C0AB1C01A997ECF00479721 /* Instruction0xF.m in Sources */ = {isa = PBXBuildFile; fileRef = 9C0AB1B41A997ECF00479721 /* Instruction0xF.m */; };
		9C0AB1D31A99815300479721 /* Instruction0xcb0.m in Sources */ = {isa = PBXBuildFile; fileRef = 9C0AB1C31A99815300479721 /* Instruction0xcb0.m */; };
		9C0AB1D41A99815300479721 /* Instruction0xcb1.m in Sources */ = {isa = PBXBuildFile; fileRef = 9C0AB1C41A99815300479721 /* Instruction0xcb1.m */; };
		9C0AB1D51A99815300479721 /* Instruction0xcb2.m in Sources */ = {isa = PBXBuildFile; fileRef = 9C0AB1C51A99815300479721 /* Instruction0xcb2.m */; };
		9C0AB1D61A99815300479721 /* Instruction0xcb3.m in Sources */ = {isa = PBXBuildFile; fileRef = 9C0AB1C61A99815300479721 /* Instruction0xcb3.m */; };
		9C0AB1D71A99815300479721 /* Instruction0xcb4.m in Sources */ = {isa = PBXBuildFile; fileRef = 9C0AB1C71A99815300479721 /* Instruction0xcb4.m */; };
		9C0AB1D81A99815300479721 /* Instruction0xcb5.m in Sources */ = {isa = PBXBuildFile; fileRef = 9C0AB1C81A99815300479721 /* Instruction0xcb5.m */; };
		9C0AB1D91A99815300479721 /* Instruction0xcb6.m in Sources */ = {isa = PBXBuildFile; fileRef = 9C0AB1C91A99815300479721 /* Instruction0xcb6.m */; };
		9C0AB1DA1A99815300479721 /* Instruction0xcb7.m in Sources */ = {isa = PBXBuildFile; fileRef = 9C0AB1CA1A99815300479721 /* Instruction0xcb7.m */; };
		9C0AB1DB1A99815300479721 /* Instruction0xcb8.m in Sources */ = {isa = PBXBuildFile; fileRef = 9C0AB1CB1A99815300479721 /* Instruction0xcb8.m */; };
		9C0AB1DC1A99815300479721 /* Instruction0xcb9.m in Sources */ = {isa = PBXBuildFile; fileRef = 9C0AB1CC1A99815300479721 /* Instruction0xcb9.m */; };
		9C0AB1DD1A99815300479721 /* Instruction0xcbA.m in Sources */ = {isa = PBXBuildFile; fileRef = 9C0AB1CD1A99815300479721 /* Instruction0xcbA.m */; };
		9C0AB1DE1A99815300479721 /* Instruction0xcbB.m in Sources */ = {isa = PBXBuildFile; fileRef = 9C0AB1CE1A99815300479721 /* Instruction0xcbB.m */; };
		9C0AB1DF1A99815300479721 /* Instruction0xcbC.m in Sources */ = {isa = PBXBuildFile; fileRef = 9C0AB1CF1A99815300479721 /* Instruction0xcbC.m */; };
		9C0AB1E01A99815300479721 /* Instruction0xcbD.m in Sources */ = {isa = PBXBuildFile; fileRef = 9C0AB1D01A99815300479721 /* Instruction0xcbD.m */; };
		9C0AB1E11A99815300479721 /* Instruction0xcbE.m in Sources */ = {isa = PBXBuildFile; fileRef = 9C0AB1D11A99815300479721 /* Instruction0xcbE.m */; };
		9C0AB1E21A99815300479721 /* Instruction0xcbF.m in Sources */ = {isa = PBXBuildFile; fileRef = 9C0AB1D21A99815300479721 /* Instruction0xcbF.m */; };
		9C79FC0E1A6D878700C76513 /* romDataController.m in Sources */ = {isa = PBXBuildFile; fileRef = 9C79FC0D1A6D878700C76513 /* romDataController.m */; };
		9C79FC111A6D89F200C76513 /* rom.m in Sources */ = {isa = PBXBuildFile; fileRef = 9C79FC101A6D89F200C76513 /* rom.m */; };
		9C79FC2E1A6DAFC400C76513 /* START.png in Resources */ = {isa = PBXBuildFile; fileRef = 9C79FC251A6DAFC400C76513 /* START.png */; };
		9C79FC2F1A6DAFC400C76513 /* B.png in Resources */ = {isa = PBXBuildFile; fileRef = 9C79FC261A6DAFC400C76513 /* B.png */; };
		9C79FC301A6DAFC400C76513 /* A.png in Resources */ = {isa = PBXBuildFile; fileRef = 9C79FC271A6DAFC400C76513 /* A.png */; };
		9C79FC311A6DAFC400C76513 /* SELECT.png in Resources */ = {isa = PBXBuildFile; fileRef = 9C79FC281A6DAFC400C76513 /* SELECT.png */; };
		9C79FC321A6DAFC400C76513 /* middle.png in Resources */ = {isa = PBXBuildFile; fileRef = 9C79FC291A6DAFC400C76513 /* middle.png */; };
		9C79FC331A6DAFC400C76513 /* right-arrow.png in Resources */ = {isa = PBXBuildFile; fileRef = 9C79FC2A1A6DAFC400C76513 /* right-arrow.png */; };
		9C79FC341A6DAFC400C76513 /* left-arrow.png in Resources */ = {isa = PBXBuildFile; fileRef = 9C79FC2B1A6DAFC400C76513 /* left-arrow.png */; };
		9C79FC351A6DAFC400C76513 /* down-arrow.png in Resources */ = {isa = PBXBuildFile; fileRef = 9C79FC2C1A6DAFC400C76513 /* down-arrow.png */; };
		9C79FC361A6DAFC400C76513 /* up-arrow.png in Resources */ = {isa = PBXBuildFile; fileRef = 9C79FC2D1A6DAFC400C76513 /* up-arrow.png */; };
		9C79FC3A1A6DC66B00C76513 /* romState.m in Sources */ = {isa = PBXBuildFile; fileRef = 9C79FC391A6DC66B00C76513 /* romState.m */; };
		9C79FC3D1A6DF40400C76513 /* emulatorMain.m in Sources */ = {isa = PBXBuildFile; fileRef = 9C79FC3C1A6DF40400C76513 /* emulatorMain.m */; };
		9CB9CC0C1A6C9CC300DA02DD /* Foundation.framework in Frameworks */ = {isa = PBXBuildFile; fileRef = 9CB9CC0B1A6C9CC300DA02DD /* Foundation.framework */; };
		9CB9CC0E1A6C9CC300DA02DD /* CoreGraphics.framework in Frameworks */ = {isa = PBXBuildFile; fileRef = 9CB9CC0D1A6C9CC300DA02DD /* CoreGraphics.framework */; };
		9CB9CC101A6C9CC300DA02DD /* UIKit.framework in Frameworks */ = {isa = PBXBuildFile; fileRef = 9CB9CC0F1A6C9CC300DA02DD /* UIKit.framework */; };
		9CB9CC161A6C9CC300DA02DD /* InfoPlist.strings in Resources */ = {isa = PBXBuildFile; fileRef = 9CB9CC141A6C9CC300DA02DD /* InfoPlist.strings */; };
		9CB9CC181A6C9CC300DA02DD /* main.m in Sources */ = {isa = PBXBuildFile; fileRef = 9CB9CC171A6C9CC300DA02DD /* main.m */; };
		9CB9CC1C1A6C9CC300DA02DD /* AppDelegate.m in Sources */ = {isa = PBXBuildFile; fileRef = 9CB9CC1B1A6C9CC300DA02DD /* AppDelegate.m */; };
		9CB9CC1F1A6C9CC300DA02DD /* Main.storyboard in Resources */ = {isa = PBXBuildFile; fileRef = 9CB9CC1D1A6C9CC300DA02DD /* Main.storyboard */; };
		9CB9CC221A6C9CC300DA02DD /* ViewController.m in Sources */ = {isa = PBXBuildFile; fileRef = 9CB9CC211A6C9CC300DA02DD /* ViewController.m */; };
		9CB9CC241A6C9CC300DA02DD /* Images.xcassets in Resources */ = {isa = PBXBuildFile; fileRef = 9CB9CC231A6C9CC300DA02DD /* Images.xcassets */; };
		9CB9CC2B1A6C9CC400DA02DD /* XCTest.framework in Frameworks */ = {isa = PBXBuildFile; fileRef = 9CB9CC2A1A6C9CC400DA02DD /* XCTest.framework */; };
		9CB9CC2C1A6C9CC400DA02DD /* Foundation.framework in Frameworks */ = {isa = PBXBuildFile; fileRef = 9CB9CC0B1A6C9CC300DA02DD /* Foundation.framework */; };
		9CB9CC2D1A6C9CC400DA02DD /* UIKit.framework in Frameworks */ = {isa = PBXBuildFile; fileRef = 9CB9CC0F1A6C9CC300DA02DD /* UIKit.framework */; };
		9CB9CC351A6C9CC400DA02DD /* InfoPlist.strings in Resources */ = {isa = PBXBuildFile; fileRef = 9CB9CC331A6C9CC400DA02DD /* InfoPlist.strings */; };
		9CB9CC371A6C9CC400DA02DD /* gbEmulatorTests.m in Sources */ = {isa = PBXBuildFile; fileRef = 9CB9CC361A6C9CC400DA02DD /* gbEmulatorTests.m */; };
		9CB9CC421A6CA22800DA02DD /* gbTableViewController.m in Sources */ = {isa = PBXBuildFile; fileRef = 9CB9CC411A6CA22800DA02DD /* gbTableViewController.m */; };
/* End PBXBuildFile section */

/* Begin PBXContainerItemProxy section */
		9CB9CC2E1A6C9CC400DA02DD /* PBXContainerItemProxy */ = {
			isa = PBXContainerItemProxy;
			containerPortal = 9CB9CC001A6C9CC300DA02DD /* Project object */;
			proxyType = 1;
			remoteGlobalIDString = 9CB9CC071A6C9CC300DA02DD;
			remoteInfo = gbEmulator;
		};
/* End PBXContainerItemProxy section */

/* Begin PBXFileReference section */
		9C0AB19F1A9964A800479721 /* Instructions.m */ = {isa = PBXFileReference; fileEncoding = 4; lastKnownFileType = sourcecode.c.objc; name = Instructions.m; path = coreEmulator/InstructionProcessing/Instructions.m; sourceTree = "<group>"; };
		9C0AB1A11A997C2200479721 /* Instruction0x0.m */ = {isa = PBXFileReference; fileEncoding = 4; lastKnownFileType = sourcecode.c.objc; name = Instruction0x0.m; path = coreEmulator/InstructionProcessing/Instruction0x0.m; sourceTree = "<group>"; };
		9C0AB1A31A997CA400479721 /* Instruction0x1.m */ = {isa = PBXFileReference; fileEncoding = 4; lastKnownFileType = sourcecode.c.objc; name = Instruction0x1.m; path = coreEmulator/InstructionProcessing/Instruction0x1.m; sourceTree = "<group>"; };
		9C0AB1A51A997CCE00479721 /* Instruction0x2.m */ = {isa = PBXFileReference; fileEncoding = 4; lastKnownFileType = sourcecode.c.objc; name = Instruction0x2.m; path = coreEmulator/InstructionProcessing/Instruction0x2.m; sourceTree = "<group>"; };
		9C0AB1A71A997CFE00479721 /* Instruction0x3.m */ = {isa = PBXFileReference; fileEncoding = 4; lastKnownFileType = sourcecode.c.objc; name = Instruction0x3.m; path = coreEmulator/InstructionProcessing/Instruction0x3.m; sourceTree = "<group>"; };
		9C0AB1A91A997ECF00479721 /* Instruction0x4.m */ = {isa = PBXFileReference; fileEncoding = 4; lastKnownFileType = sourcecode.c.objc; name = Instruction0x4.m; path = coreEmulator/InstructionProcessing/Instruction0x4.m; sourceTree = "<group>"; };
		9C0AB1AA1A997ECF00479721 /* Instruction0x5.m */ = {isa = PBXFileReference; fileEncoding = 4; lastKnownFileType = sourcecode.c.objc; name = Instruction0x5.m; path = coreEmulator/InstructionProcessing/Instruction0x5.m; sourceTree = "<group>"; };
		9C0AB1AB1A997ECF00479721 /* Instruction0x6.m */ = {isa = PBXFileReference; fileEncoding = 4; lastKnownFileType = sourcecode.c.objc; name = Instruction0x6.m; path = coreEmulator/InstructionProcessing/Instruction0x6.m; sourceTree = "<group>"; };
		9C0AB1AC1A997ECF00479721 /* Instruction0x7.m */ = {isa = PBXFileReference; fileEncoding = 4; lastKnownFileType = sourcecode.c.objc; name = Instruction0x7.m; path = coreEmulator/InstructionProcessing/Instruction0x7.m; sourceTree = "<group>"; };
		9C0AB1AD1A997ECF00479721 /* Instruction0x8.m */ = {isa = PBXFileReference; fileEncoding = 4; lastKnownFileType = sourcecode.c.objc; name = Instruction0x8.m; path = coreEmulator/InstructionProcessing/Instruction0x8.m; sourceTree = "<group>"; };
		9C0AB1AE1A997ECF00479721 /* Instruction0x9.m */ = {isa = PBXFileReference; fileEncoding = 4; lastKnownFileType = sourcecode.c.objc; name = Instruction0x9.m; path = coreEmulator/InstructionProcessing/Instruction0x9.m; sourceTree = "<group>"; };
		9C0AB1AF1A997ECF00479721 /* Instruction0xA.m */ = {isa = PBXFileReference; fileEncoding = 4; lastKnownFileType = sourcecode.c.objc; name = Instruction0xA.m; path = coreEmulator/InstructionProcessing/Instruction0xA.m; sourceTree = "<group>"; };
		9C0AB1B01A997ECF00479721 /* Instruction0xB.m */ = {isa = PBXFileReference; fileEncoding = 4; lastKnownFileType = sourcecode.c.objc; name = Instruction0xB.m; path = coreEmulator/InstructionProcessing/Instruction0xB.m; sourceTree = "<group>"; };
		9C0AB1B11A997ECF00479721 /* Instruction0xC.m */ = {isa = PBXFileReference; fileEncoding = 4; lastKnownFileType = sourcecode.c.objc; name = Instruction0xC.m; path = coreEmulator/InstructionProcessing/Instruction0xC.m; sourceTree = "<group>"; };
		9C0AB1B21A997ECF00479721 /* Instruction0xD.m */ = {isa = PBXFileReference; fileEncoding = 4; lastKnownFileType = sourcecode.c.objc; name = Instruction0xD.m; path = coreEmulator/InstructionProcessing/Instruction0xD.m; sourceTree = "<group>"; };
		9C0AB1B31A997ECF00479721 /* Instruction0xE.m */ = {isa = PBXFileReference; fileEncoding = 4; lastKnownFileType = sourcecode.c.objc; name = Instruction0xE.m; path = coreEmulator/InstructionProcessing/Instruction0xE.m; sourceTree = "<group>"; };
		9C0AB1B41A997ECF00479721 /* Instruction0xF.m */ = {isa = PBXFileReference; fileEncoding = 4; lastKnownFileType = sourcecode.c.objc; name = Instruction0xF.m; path = coreEmulator/InstructionProcessing/Instruction0xF.m; sourceTree = "<group>"; };
		9C0AB1C31A99815300479721 /* Instruction0xcb0.m */ = {isa = PBXFileReference; fileEncoding = 4; lastKnownFileType = sourcecode.c.objc; name = Instruction0xcb0.m; path = coreEmulator/InstructionProcessing/Instruction0xcb0.m; sourceTree = "<group>"; };
		9C0AB1C41A99815300479721 /* Instruction0xcb1.m */ = {isa = PBXFileReference; fileEncoding = 4; lastKnownFileType = sourcecode.c.objc; name = Instruction0xcb1.m; path = coreEmulator/InstructionProcessing/Instruction0xcb1.m; sourceTree = "<group>"; };
		9C0AB1C51A99815300479721 /* Instruction0xcb2.m */ = {isa = PBXFileReference; fileEncoding = 4; lastKnownFileType = sourcecode.c.objc; name = Instruction0xcb2.m; path = coreEmulator/InstructionProcessing/Instruction0xcb2.m; sourceTree = "<group>"; };
		9C0AB1C61A99815300479721 /* Instruction0xcb3.m */ = {isa = PBXFileReference; fileEncoding = 4; lastKnownFileType = sourcecode.c.objc; name = Instruction0xcb3.m; path = coreEmulator/InstructionProcessing/Instruction0xcb3.m; sourceTree = "<group>"; };
		9C0AB1C71A99815300479721 /* Instruction0xcb4.m */ = {isa = PBXFileReference; fileEncoding = 4; lastKnownFileType = sourcecode.c.objc; name = Instruction0xcb4.m; path = coreEmulator/InstructionProcessing/Instruction0xcb4.m; sourceTree = "<group>"; };
		9C0AB1C81A99815300479721 /* Instruction0xcb5.m */ = {isa = PBXFileReference; fileEncoding = 4; lastKnownFileType = sourcecode.c.objc; name = Instruction0xcb5.m; path = coreEmulator/InstructionProcessing/Instruction0xcb5.m; sourceTree = "<group>"; };
		9C0AB1C91A99815300479721 /* Instruction0xcb6.m */ = {isa = PBXFileReference; fileEncoding = 4; lastKnownFileType = sourcecode.c.objc; name = Instruction0xcb6.m; path = coreEmulator/InstructionProcessing/Instruction0xcb6.m; sourceTree = "<group>"; };
		9C0AB1CA1A99815300479721 /* Instruction0xcb7.m */ = {isa = PBXFileReference; fileEncoding = 4; lastKnownFileType = sourcecode.c.objc; name = Instruction0xcb7.m; path = coreEmulator/InstructionProcessing/Instruction0xcb7.m; sourceTree = "<group>"; };
		9C0AB1CB1A99815300479721 /* Instruction0xcb8.m */ = {isa = PBXFileReference; fileEncoding = 4; lastKnownFileType = sourcecode.c.objc; name = Instruction0xcb8.m; path = coreEmulator/InstructionProcessing/Instruction0xcb8.m; sourceTree = "<group>"; };
		9C0AB1CC1A99815300479721 /* Instruction0xcb9.m */ = {isa = PBXFileReference; fileEncoding = 4; lastKnownFileType = sourcecode.c.objc; name = Instruction0xcb9.m; path = coreEmulator/InstructionProcessing/Instruction0xcb9.m; sourceTree = "<group>"; };
		9C0AB1CD1A99815300479721 /* Instruction0xcbA.m */ = {isa = PBXFileReference; fileEncoding = 4; lastKnownFileType = sourcecode.c.objc; name = Instruction0xcbA.m; path = coreEmulator/InstructionProcessing/Instruction0xcbA.m; sourceTree = "<group>"; };
		9C0AB1CE1A99815300479721 /* Instruction0xcbB.m */ = {isa = PBXFileReference; fileEncoding = 4; lastKnownFileType = sourcecode.c.objc; name = Instruction0xcbB.m; path = coreEmulator/InstructionProcessing/Instruction0xcbB.m; sourceTree = "<group>"; };
		9C0AB1CF1A99815300479721 /* Instruction0xcbC.m */ = {isa = PBXFileReference; fileEncoding = 4; lastKnownFileType = sourcecode.c.objc; name = Instruction0xcbC.m; path = coreEmulator/InstructionProcessing/Instruction0xcbC.m; sourceTree = "<group>"; };
		9C0AB1D01A99815300479721 /* Instruction0xcbD.m */ = {isa = PBXFileReference; fileEncoding = 4; lastKnownFileType = sourcecode.c.objc; name = Instruction0xcbD.m; path = coreEmulator/InstructionProcessing/Instruction0xcbD.m; sourceTree = "<group>"; };
		9C0AB1D11A99815300479721 /* Instruction0xcbE.m */ = {isa = PBXFileReference; fileEncoding = 4; lastKnownFileType = sourcecode.c.objc; name = Instruction0xcbE.m; path = coreEmulator/InstructionProcessing/Instruction0xcbE.m; sourceTree = "<group>"; };
		9C0AB1D21A99815300479721 /* Instruction0xcbF.m */ = {isa = PBXFileReference; fileEncoding = 4; lastKnownFileType = sourcecode.c.objc; name = Instruction0xcbF.m; path = coreEmulator/InstructionProcessing/Instruction0xcbF.m; sourceTree = "<group>"; };
		9C79FC0C1A6D878700C76513 /* romDataController.h */ = {isa = PBXFileReference; fileEncoding = 4; lastKnownFileType = sourcecode.c.h; path = romDataController.h; sourceTree = "<group>"; };
		9C79FC0D1A6D878700C76513 /* romDataController.m */ = {isa = PBXFileReference; fileEncoding = 4; lastKnownFileType = sourcecode.c.objc; path = romDataController.m; sourceTree = "<group>"; };
		9C79FC0F1A6D89F200C76513 /* rom.h */ = {isa = PBXFileReference; fileEncoding = 4; lastKnownFileType = sourcecode.c.h; path = rom.h; sourceTree = "<group>"; };
		9C79FC101A6D89F200C76513 /* rom.m */ = {isa = PBXFileReference; fileEncoding = 4; lastKnownFileType = sourcecode.c.objc; path = rom.m; sourceTree = "<group>"; };
		9C79FC251A6DAFC400C76513 /* START.png */ = {isa = PBXFileReference; lastKnownFileType = image.png; name = START.png; path = Resources/START.png; sourceTree = "<group>"; };
		9C79FC261A6DAFC400C76513 /* B.png */ = {isa = PBXFileReference; lastKnownFileType = image.png; name = B.png; path = Resources/B.png; sourceTree = "<group>"; };
		9C79FC271A6DAFC400C76513 /* A.png */ = {isa = PBXFileReference; lastKnownFileType = image.png; name = A.png; path = Resources/A.png; sourceTree = "<group>"; };
		9C79FC281A6DAFC400C76513 /* SELECT.png */ = {isa = PBXFileReference; lastKnownFileType = image.png; name = SELECT.png; path = Resources/SELECT.png; sourceTree = "<group>"; };
		9C79FC291A6DAFC400C76513 /* middle.png */ = {isa = PBXFileReference; lastKnownFileType = image.png; name = middle.png; path = Resources/middle.png; sourceTree = "<group>"; };
		9C79FC2A1A6DAFC400C76513 /* right-arrow.png */ = {isa = PBXFileReference; lastKnownFileType = image.png; name = "right-arrow.png"; path = "Resources/right-arrow.png"; sourceTree = "<group>"; };
		9C79FC2B1A6DAFC400C76513 /* left-arrow.png */ = {isa = PBXFileReference; lastKnownFileType = image.png; name = "left-arrow.png"; path = "Resources/left-arrow.png"; sourceTree = "<group>"; };
		9C79FC2C1A6DAFC400C76513 /* down-arrow.png */ = {isa = PBXFileReference; lastKnownFileType = image.png; name = "down-arrow.png"; path = "Resources/down-arrow.png"; sourceTree = "<group>"; };
		9C79FC2D1A6DAFC400C76513 /* up-arrow.png */ = {isa = PBXFileReference; lastKnownFileType = image.png; name = "up-arrow.png"; path = "Resources/up-arrow.png"; sourceTree = "<group>"; };
		9C79FC381A6DC66B00C76513 /* romState.h */ = {isa = PBXFileReference; fileEncoding = 4; lastKnownFileType = sourcecode.c.h; name = romState.h; path = coreEmulator/romState.h; sourceTree = "<group>"; };
		9C79FC391A6DC66B00C76513 /* romState.m */ = {isa = PBXFileReference; fileEncoding = 4; lastKnownFileType = sourcecode.c.objc; name = romState.m; path = coreEmulator/romState.m; sourceTree = "<group>"; };
		9C79FC3B1A6DF40400C76513 /* emulatorMain.h */ = {isa = PBXFileReference; fileEncoding = 4; lastKnownFileType = sourcecode.c.h; name = emulatorMain.h; path = coreEmulator/emulatorMain.h; sourceTree = "<group>"; };
		9C79FC3C1A6DF40400C76513 /* emulatorMain.m */ = {isa = PBXFileReference; fileEncoding = 4; lastKnownFileType = sourcecode.c.objc; name = emulatorMain.m; path = coreEmulator/emulatorMain.m; sourceTree = "<group>"; };
		9CB9CC081A6C9CC300DA02DD /* gbEmulator.app */ = {isa = PBXFileReference; explicitFileType = wrapper.application; includeInIndex = 0; path = gbEmulator.app; sourceTree = BUILT_PRODUCTS_DIR; };
		9CB9CC0B1A6C9CC300DA02DD /* Foundation.framework */ = {isa = PBXFileReference; lastKnownFileType = wrapper.framework; name = Foundation.framework; path = System/Library/Frameworks/Foundation.framework; sourceTree = SDKROOT; };
		9CB9CC0D1A6C9CC300DA02DD /* CoreGraphics.framework */ = {isa = PBXFileReference; lastKnownFileType = wrapper.framework; name = CoreGraphics.framework; path = System/Library/Frameworks/CoreGraphics.framework; sourceTree = SDKROOT; };
		9CB9CC0F1A6C9CC300DA02DD /* UIKit.framework */ = {isa = PBXFileReference; lastKnownFileType = wrapper.framework; name = UIKit.framework; path = System/Library/Frameworks/UIKit.framework; sourceTree = SDKROOT; };
		9CB9CC131A6C9CC300DA02DD /* gbEmulator-Info.plist */ = {isa = PBXFileReference; lastKnownFileType = text.plist.xml; path = "gbEmulator-Info.plist"; sourceTree = "<group>"; };
		9CB9CC151A6C9CC300DA02DD /* en */ = {isa = PBXFileReference; lastKnownFileType = text.plist.strings; name = en; path = en.lproj/InfoPlist.strings; sourceTree = "<group>"; };
		9CB9CC171A6C9CC300DA02DD /* main.m */ = {isa = PBXFileReference; lastKnownFileType = sourcecode.c.objc; path = main.m; sourceTree = "<group>"; };
		9CB9CC191A6C9CC300DA02DD /* gbEmulator-Prefix.pch */ = {isa = PBXFileReference; lastKnownFileType = sourcecode.c.h; path = "gbEmulator-Prefix.pch"; sourceTree = "<group>"; };
		9CB9CC1A1A6C9CC300DA02DD /* AppDelegate.h */ = {isa = PBXFileReference; lastKnownFileType = sourcecode.c.h; path = AppDelegate.h; sourceTree = "<group>"; };
		9CB9CC1B1A6C9CC300DA02DD /* AppDelegate.m */ = {isa = PBXFileReference; lastKnownFileType = sourcecode.c.objc; path = AppDelegate.m; sourceTree = "<group>"; };
		9CB9CC1E1A6C9CC300DA02DD /* Base */ = {isa = PBXFileReference; lastKnownFileType = file.storyboard; name = Base; path = Base.lproj/Main.storyboard; sourceTree = "<group>"; };
		9CB9CC201A6C9CC300DA02DD /* ViewController.h */ = {isa = PBXFileReference; lastKnownFileType = sourcecode.c.h; path = ViewController.h; sourceTree = "<group>"; };
		9CB9CC211A6C9CC300DA02DD /* ViewController.m */ = {isa = PBXFileReference; lastKnownFileType = sourcecode.c.objc; path = ViewController.m; sourceTree = "<group>"; };
		9CB9CC231A6C9CC300DA02DD /* Images.xcassets */ = {isa = PBXFileReference; lastKnownFileType = folder.assetcatalog; path = Images.xcassets; sourceTree = "<group>"; };
		9CB9CC291A6C9CC400DA02DD /* gbEmulatorTests.xctest */ = {isa = PBXFileReference; explicitFileType = wrapper.cfbundle; includeInIndex = 0; path = gbEmulatorTests.xctest; sourceTree = BUILT_PRODUCTS_DIR; };
		9CB9CC2A1A6C9CC400DA02DD /* XCTest.framework */ = {isa = PBXFileReference; lastKnownFileType = wrapper.framework; name = XCTest.framework; path = Library/Frameworks/XCTest.framework; sourceTree = DEVELOPER_DIR; };
		9CB9CC321A6C9CC400DA02DD /* gbEmulatorTests-Info.plist */ = {isa = PBXFileReference; lastKnownFileType = text.plist.xml; path = "gbEmulatorTests-Info.plist"; sourceTree = "<group>"; };
		9CB9CC341A6C9CC400DA02DD /* en */ = {isa = PBXFileReference; lastKnownFileType = text.plist.strings; name = en; path = en.lproj/InfoPlist.strings; sourceTree = "<group>"; };
		9CB9CC361A6C9CC400DA02DD /* gbEmulatorTests.m */ = {isa = PBXFileReference; lastKnownFileType = sourcecode.c.objc; path = gbEmulatorTests.m; sourceTree = "<group>"; };
		9CB9CC401A6CA22800DA02DD /* gbTableViewController.h */ = {isa = PBXFileReference; fileEncoding = 4; lastKnownFileType = sourcecode.c.h; path = gbTableViewController.h; sourceTree = "<group>"; };
		9CB9CC411A6CA22800DA02DD /* gbTableViewController.m */ = {isa = PBXFileReference; fileEncoding = 4; lastKnownFileType = sourcecode.c.objc; path = gbTableViewController.m; sourceTree = "<group>"; };
/* End PBXFileReference section */

/* Begin PBXFrameworksBuildPhase section */
		9CB9CC051A6C9CC300DA02DD /* Frameworks */ = {
			isa = PBXFrameworksBuildPhase;
			buildActionMask = 2147483647;
			files = (
				9CB9CC0E1A6C9CC300DA02DD /* CoreGraphics.framework in Frameworks */,
				9CB9CC101A6C9CC300DA02DD /* UIKit.framework in Frameworks */,
				9CB9CC0C1A6C9CC300DA02DD /* Foundation.framework in Frameworks */,
			);
			runOnlyForDeploymentPostprocessing = 0;
		};
		9CB9CC261A6C9CC400DA02DD /* Frameworks */ = {
			isa = PBXFrameworksBuildPhase;
			buildActionMask = 2147483647;
			files = (
				9CB9CC2B1A6C9CC400DA02DD /* XCTest.framework in Frameworks */,
				9CB9CC2D1A6C9CC400DA02DD /* UIKit.framework in Frameworks */,
				9CB9CC2C1A6C9CC400DA02DD /* Foundation.framework in Frameworks */,
			);
			runOnlyForDeploymentPostprocessing = 0;
		};
/* End PBXFrameworksBuildPhase section */

/* Begin PBXGroup section */
		9C0AB1971A98FE1800479721 /* InstructionProcessing */ = {
			isa = PBXGroup;
			children = (
				9C0AB19F1A9964A800479721 /* Instructions.m */,
				9C0AB1C11A997FAD00479721 /* NormalInstructions */,
				9C0AB1C21A997FC800479721 /* CBInstructions */,
			);
			name = InstructionProcessing;
			sourceTree = "<group>";
		};
		9C0AB1C11A997FAD00479721 /* NormalInstructions */ = {
			isa = PBXGroup;
			children = (
				9C0AB1A11A997C2200479721 /* Instruction0x0.m */,
				9C0AB1A31A997CA400479721 /* Instruction0x1.m */,
				9C0AB1A51A997CCE00479721 /* Instruction0x2.m */,
				9C0AB1A71A997CFE00479721 /* Instruction0x3.m */,
				9C0AB1A91A997ECF00479721 /* Instruction0x4.m */,
				9C0AB1AA1A997ECF00479721 /* Instruction0x5.m */,
				9C0AB1AB1A997ECF00479721 /* Instruction0x6.m */,
				9C0AB1AC1A997ECF00479721 /* Instruction0x7.m */,
				9C0AB1AD1A997ECF00479721 /* Instruction0x8.m */,
				9C0AB1AE1A997ECF00479721 /* Instruction0x9.m */,
				9C0AB1AF1A997ECF00479721 /* Instruction0xA.m */,
				9C0AB1B01A997ECF00479721 /* Instruction0xB.m */,
				9C0AB1B11A997ECF00479721 /* Instruction0xC.m */,
				9C0AB1B21A997ECF00479721 /* Instruction0xD.m */,
				9C0AB1B31A997ECF00479721 /* Instruction0xE.m */,
				9C0AB1B41A997ECF00479721 /* Instruction0xF.m */,
			);
			name = NormalInstructions;
			sourceTree = "<group>";
		};
		9C0AB1C21A997FC800479721 /* CBInstructions */ = {
			isa = PBXGroup;
			children = (
				9C0AB1C31A99815300479721 /* Instruction0xcb0.m */,
				9C0AB1C41A99815300479721 /* Instruction0xcb1.m */,
				9C0AB1C51A99815300479721 /* Instruction0xcb2.m */,
				9C0AB1C61A99815300479721 /* Instruction0xcb3.m */,
				9C0AB1C71A99815300479721 /* Instruction0xcb4.m */,
				9C0AB1C81A99815300479721 /* Instruction0xcb5.m */,
				9C0AB1C91A99815300479721 /* Instruction0xcb6.m */,
				9C0AB1CA1A99815300479721 /* Instruction0xcb7.m */,
				9C0AB1CB1A99815300479721 /* Instruction0xcb8.m */,
				9C0AB1CC1A99815300479721 /* Instruction0xcb9.m */,
				9C0AB1CD1A99815300479721 /* Instruction0xcbA.m */,
				9C0AB1CE1A99815300479721 /* Instruction0xcbB.m */,
				9C0AB1CF1A99815300479721 /* Instruction0xcbC.m */,
				9C0AB1D01A99815300479721 /* Instruction0xcbD.m */,
				9C0AB1D11A99815300479721 /* Instruction0xcbE.m */,
				9C0AB1D21A99815300479721 /* Instruction0xcbF.m */,
			);
			name = CBInstructions;
			sourceTree = "<group>";
		};
		9C79FC241A6DAE8100C76513 /* Resources */ = {
			isa = PBXGroup;
			children = (
				9C79FC251A6DAFC400C76513 /* START.png */,
				9C79FC261A6DAFC400C76513 /* B.png */,
				9C79FC271A6DAFC400C76513 /* A.png */,
				9C79FC281A6DAFC400C76513 /* SELECT.png */,
				9C79FC291A6DAFC400C76513 /* middle.png */,
				9C79FC2A1A6DAFC400C76513 /* right-arrow.png */,
				9C79FC2B1A6DAFC400C76513 /* left-arrow.png */,
				9C79FC2C1A6DAFC400C76513 /* down-arrow.png */,
				9C79FC2D1A6DAFC400C76513 /* up-arrow.png */,
			);
			name = Resources;
			sourceTree = "<group>";
		};
		9C79FC371A6DC64400C76513 /* coreEmulator */ = {
			isa = PBXGroup;
			children = (
				9C79FC381A6DC66B00C76513 /* romState.h */,
				9C79FC391A6DC66B00C76513 /* romState.m */,
				9C79FC3B1A6DF40400C76513 /* emulatorMain.h */,
				9C79FC3C1A6DF40400C76513 /* emulatorMain.m */,
				9C0AB1971A98FE1800479721 /* InstructionProcessing */,
			);
			name = coreEmulator;
			sourceTree = "<group>";
		};
		9CB9CBFF1A6C9CC300DA02DD = {
			isa = PBXGroup;
			children = (
				9CB9CC111A6C9CC300DA02DD /* gbEmulator */,
				9CB9CC301A6C9CC400DA02DD /* gbEmulatorTests */,
				9CB9CC0A1A6C9CC300DA02DD /* Frameworks */,
				9CB9CC091A6C9CC300DA02DD /* Products */,
			);
			sourceTree = "<group>";
		};
		9CB9CC091A6C9CC300DA02DD /* Products */ = {
			isa = PBXGroup;
			children = (
				9CB9CC081A6C9CC300DA02DD /* gbEmulator.app */,
				9CB9CC291A6C9CC400DA02DD /* gbEmulatorTests.xctest */,
			);
			name = Products;
			sourceTree = "<group>";
		};
		9CB9CC0A1A6C9CC300DA02DD /* Frameworks */ = {
			isa = PBXGroup;
			children = (
				9CB9CC0B1A6C9CC300DA02DD /* Foundation.framework */,
				9CB9CC0D1A6C9CC300DA02DD /* CoreGraphics.framework */,
				9CB9CC0F1A6C9CC300DA02DD /* UIKit.framework */,
				9CB9CC2A1A6C9CC400DA02DD /* XCTest.framework */,
			);
			name = Frameworks;
			sourceTree = "<group>";
		};
		9CB9CC111A6C9CC300DA02DD /* gbEmulator */ = {
			isa = PBXGroup;
			children = (
				9CB9CC1A1A6C9CC300DA02DD /* AppDelegate.h */,
				9CB9CC1B1A6C9CC300DA02DD /* AppDelegate.m */,
				9CB9CC1D1A6C9CC300DA02DD /* Main.storyboard */,
				9CB9CC401A6CA22800DA02DD /* gbTableViewController.h */,
				9CB9CC411A6CA22800DA02DD /* gbTableViewController.m */,
				9CB9CC201A6C9CC300DA02DD /* ViewController.h */,
				9CB9CC211A6C9CC300DA02DD /* ViewController.m */,
				9C79FC0C1A6D878700C76513 /* romDataController.h */,
				9C79FC0D1A6D878700C76513 /* romDataController.m */,
				9C79FC0F1A6D89F200C76513 /* rom.h */,
				9C79FC101A6D89F200C76513 /* rom.m */,
				9C79FC371A6DC64400C76513 /* coreEmulator */,
				9CB9CC231A6C9CC300DA02DD /* Images.xcassets */,
				9C79FC241A6DAE8100C76513 /* Resources */,
				9CB9CC121A6C9CC300DA02DD /* Supporting Files */,
			);
			path = gbEmulator;
			sourceTree = "<group>";
		};
		9CB9CC121A6C9CC300DA02DD /* Supporting Files */ = {
			isa = PBXGroup;
			children = (
				9CB9CC131A6C9CC300DA02DD /* gbEmulator-Info.plist */,
				9CB9CC141A6C9CC300DA02DD /* InfoPlist.strings */,
				9CB9CC171A6C9CC300DA02DD /* main.m */,
				9CB9CC191A6C9CC300DA02DD /* gbEmulator-Prefix.pch */,
			);
			name = "Supporting Files";
			sourceTree = "<group>";
		};
		9CB9CC301A6C9CC400DA02DD /* gbEmulatorTests */ = {
			isa = PBXGroup;
			children = (
				9CB9CC361A6C9CC400DA02DD /* gbEmulatorTests.m */,
				9CB9CC311A6C9CC400DA02DD /* Supporting Files */,
			);
			path = gbEmulatorTests;
			sourceTree = "<group>";
		};
		9CB9CC311A6C9CC400DA02DD /* Supporting Files */ = {
			isa = PBXGroup;
			children = (
				9CB9CC321A6C9CC400DA02DD /* gbEmulatorTests-Info.plist */,
				9CB9CC331A6C9CC400DA02DD /* InfoPlist.strings */,
			);
			name = "Supporting Files";
			sourceTree = "<group>";
		};
/* End PBXGroup section */

/* Begin PBXNativeTarget section */
		9CB9CC071A6C9CC300DA02DD /* gbEmulator */ = {
			isa = PBXNativeTarget;
			buildConfigurationList = 9CB9CC3A1A6C9CC400DA02DD /* Build configuration list for PBXNativeTarget "gbEmulator" */;
			buildPhases = (
				9CB9CC041A6C9CC300DA02DD /* Sources */,
				9CB9CC051A6C9CC300DA02DD /* Frameworks */,
				9CB9CC061A6C9CC300DA02DD /* Resources */,
				9C79FC0B1A6D7D6E00C76513 /* ShellScript */,
			);
			buildRules = (
			);
			dependencies = (
			);
			name = gbEmulator;
			productName = gbEmulator;
			productReference = 9CB9CC081A6C9CC300DA02DD /* gbEmulator.app */;
			productType = "com.apple.product-type.application";
		};
		9CB9CC281A6C9CC400DA02DD /* gbEmulatorTests */ = {
			isa = PBXNativeTarget;
			buildConfigurationList = 9CB9CC3D1A6C9CC400DA02DD /* Build configuration list for PBXNativeTarget "gbEmulatorTests" */;
			buildPhases = (
				9CB9CC251A6C9CC400DA02DD /* Sources */,
				9CB9CC261A6C9CC400DA02DD /* Frameworks */,
				9CB9CC271A6C9CC400DA02DD /* Resources */,
			);
			buildRules = (
			);
			dependencies = (
				9CB9CC2F1A6C9CC400DA02DD /* PBXTargetDependency */,
			);
			name = gbEmulatorTests;
			productName = gbEmulatorTests;
			productReference = 9CB9CC291A6C9CC400DA02DD /* gbEmulatorTests.xctest */;
			productType = "com.apple.product-type.bundle.unit-test";
		};
/* End PBXNativeTarget section */

/* Begin PBXProject section */
		9CB9CC001A6C9CC300DA02DD /* Project object */ = {
			isa = PBXProject;
			attributes = {
				LastUpgradeCheck = 0510;
				ORGANIZATIONNAME = "Emily Walls";
				TargetAttributes = {
					9CB9CC281A6C9CC400DA02DD = {
						TestTargetID = 9CB9CC071A6C9CC300DA02DD;
					};
				};
			};
			buildConfigurationList = 9CB9CC031A6C9CC300DA02DD /* Build configuration list for PBXProject "gbEmulator" */;
			compatibilityVersion = "Xcode 3.2";
			developmentRegion = English;
			hasScannedForEncodings = 0;
			knownRegions = (
				en,
				Base,
			);
			mainGroup = 9CB9CBFF1A6C9CC300DA02DD;
			productRefGroup = 9CB9CC091A6C9CC300DA02DD /* Products */;
			projectDirPath = "";
			projectRoot = "";
			targets = (
				9CB9CC071A6C9CC300DA02DD /* gbEmulator */,
				9CB9CC281A6C9CC400DA02DD /* gbEmulatorTests */,
			);
		};
/* End PBXProject section */

/* Begin PBXResourcesBuildPhase section */
		9CB9CC061A6C9CC300DA02DD /* Resources */ = {
			isa = PBXResourcesBuildPhase;
			buildActionMask = 2147483647;
			files = (
				9C79FC341A6DAFC400C76513 /* left-arrow.png in Resources */,
				9C79FC351A6DAFC400C76513 /* down-arrow.png in Resources */,
				9CB9CC241A6C9CC300DA02DD /* Images.xcassets in Resources */,
				9CB9CC161A6C9CC300DA02DD /* InfoPlist.strings in Resources */,
				9C79FC321A6DAFC400C76513 /* middle.png in Resources */,
				9C79FC361A6DAFC400C76513 /* up-arrow.png in Resources */,
				9C79FC331A6DAFC400C76513 /* right-arrow.png in Resources */,
				9C79FC2E1A6DAFC400C76513 /* START.png in Resources */,
				9C79FC301A6DAFC400C76513 /* A.png in Resources */,
				9C79FC311A6DAFC400C76513 /* SELECT.png in Resources */,
				9CB9CC1F1A6C9CC300DA02DD /* Main.storyboard in Resources */,
				9C79FC2F1A6DAFC400C76513 /* B.png in Resources */,
			);
			runOnlyForDeploymentPostprocessing = 0;
		};
		9CB9CC271A6C9CC400DA02DD /* Resources */ = {
			isa = PBXResourcesBuildPhase;
			buildActionMask = 2147483647;
			files = (
				9CB9CC351A6C9CC400DA02DD /* InfoPlist.strings in Resources */,
			);
			runOnlyForDeploymentPostprocessing = 0;
		};
/* End PBXResourcesBuildPhase section */

/* Begin PBXShellScriptBuildPhase section */
		9C79FC0B1A6D7D6E00C76513 /* ShellScript */ = {
			isa = PBXShellScriptBuildPhase;
			buildActionMask = 2147483647;
			files = (
			);
			inputPaths = (
			);
			outputPaths = (
			);
			runOnlyForDeploymentPostprocessing = 0;
			shellPath = /bin/sh;
			shellScript = "export CODESIGN_ALLOCATE=/Applications/Xcode.app/Contents/Developer/Platforms/iPhoneOS.platform/Developer/usr/bin/codesign_allocate\nif [ \"${PLATFORM_NAME}\" == \"iphoneos\" ]; then\n/Applications/Xcode.app/Contents/Developer/Platforms/iPhoneOS.platform/Developer/Library/Xcode/PrivatePlugIns/iPhoneOS\\ Build\\ System\\ Support.xcplugin/Contents/MacOS/gen_entitlements.py \"my.company.${PROJECT_NAME}\" \"${BUILT_PRODUCTS_DIR}/${WRAPPER_NAME}/${PROJECT_NAME}.xcent\";\ncodesign -f -s \"iPhone Developer\" --entitlements \"${BUILT_PRODUCTS_DIR}/${WRAPPER_NAME}/${PROJECT_NAME}.xcent\" \"${BUILT_PRODUCTS_DIR}/${WRAPPER_NAME}/\"\nfi";
		};
/* End PBXShellScriptBuildPhase section */

/* Begin PBXSourcesBuildPhase section */
		9CB9CC041A6C9CC300DA02DD /* Sources */ = {
			isa = PBXSourcesBuildPhase;
			buildActionMask = 2147483647;
			files = (
				9C0AB1B61A997ECF00479721 /* Instruction0x5.m in Sources */,
				9C79FC111A6D89F200C76513 /* rom.m in Sources */,
				9C0AB1BF1A997ECF00479721 /* Instruction0xE.m in Sources */,
				9C79FC3A1A6DC66B00C76513 /* romState.m in Sources */,
				9C0AB1DE1A99815300479721 /* Instruction0xcbB.m in Sources */,
				9C79FC0E1A6D878700C76513 /* romDataController.m in Sources */,
				9C0AB1A81A997CFE00479721 /* Instruction0x3.m in Sources */,
				9C0AB1DB1A99815300479721 /* Instruction0xcb8.m in Sources */,
				9C0AB1A61A997CCE00479721 /* Instruction0x2.m in Sources */,
				9C0AB1E11A99815300479721 /* Instruction0xcbE.m in Sources */,
				9C0AB1BB1A997ECF00479721 /* Instruction0xA.m in Sources */,
				9C0AB1D41A99815300479721 /* Instruction0xcb1.m in Sources */,
				9CB9CC221A6C9CC300DA02DD /* ViewController.m in Sources */,
				9C0AB1D51A99815300479721 /* Instruction0xcb2.m in Sources */,
				9C0AB1BD1A997ECF00479721 /* Instruction0xC.m in Sources */,
				9CB9CC1C1A6C9CC300DA02DD /* AppDelegate.m in Sources */,
				9C0AB1BE1A997ECF00479721 /* Instruction0xD.m in Sources */,
				9C0AB1E01A99815300479721 /* Instruction0xcbD.m in Sources */,
				9C0AB1D71A99815300479721 /* Instruction0xcb4.m in Sources */,
				9C0AB1B51A997ECF00479721 /* Instruction0x4.m in Sources */,
				9C0AB1B81A997ECF00479721 /* Instruction0x7.m in Sources */,
				9C0AB1A21A997C2200479721 /* Instruction0x0.m in Sources */,
				9C0AB1D91A99815300479721 /* Instruction0xcb6.m in Sources */,
				9CB9CC421A6CA22800DA02DD /* gbTableViewController.m in Sources */,
				9C0AB1D81A99815300479721 /* Instruction0xcb5.m in Sources */,
				9C0AB1D31A99815300479721 /* Instruction0xcb0.m in Sources */,
				9C0AB1B71A997ECF00479721 /* Instruction0x6.m in Sources */,
				9C0AB1DC1A99815300479721 /* Instruction0xcb9.m in Sources */,
				9C0AB1DD1A99815300479721 /* Instruction0xcbA.m in Sources */,
				9C0AB1BC1A997ECF00479721 /* Instruction0xB.m in Sources */,
				9CB9CC181A6C9CC300DA02DD /* main.m in Sources */,
				9C0AB1E21A99815300479721 /* Instruction0xcbF.m in Sources */,
				9C0AB1DF1A99815300479721 /* Instruction0xcbC.m in Sources */,
				9C79FC3D1A6DF40400C76513 /* emulatorMain.m in Sources */,
				9C0AB1B91A997ECF00479721 /* Instruction0x8.m in Sources */,
				9C0AB1C01A997ECF00479721 /* Instruction0xF.m in Sources */,
				9C0AB1A01A9964A800479721 /* Instructions.m in Sources */,
				9C0AB1A41A997CA400479721 /* Instruction0x1.m in Sources */,
				9C0AB1D61A99815300479721 /* Instruction0xcb3.m in Sources */,
				9C0AB1BA1A997ECF00479721 /* Instruction0x9.m in Sources */,
				9C0AB1DA1A99815300479721 /* Instruction0xcb7.m in Sources */,
			);
			runOnlyForDeploymentPostprocessing = 0;
		};
		9CB9CC251A6C9CC400DA02DD /* Sources */ = {
			isa = PBXSourcesBuildPhase;
			buildActionMask = 2147483647;
			files = (
				9CB9CC371A6C9CC400DA02DD /* gbEmulatorTests.m in Sources */,
			);
			runOnlyForDeploymentPostprocessing = 0;
		};
/* End PBXSourcesBuildPhase section */

/* Begin PBXTargetDependency section */
		9CB9CC2F1A6C9CC400DA02DD /* PBXTargetDependency */ = {
			isa = PBXTargetDependency;
			target = 9CB9CC071A6C9CC300DA02DD /* gbEmulator */;
			targetProxy = 9CB9CC2E1A6C9CC400DA02DD /* PBXContainerItemProxy */;
		};
/* End PBXTargetDependency section */

/* Begin PBXVariantGroup section */
		9CB9CC141A6C9CC300DA02DD /* InfoPlist.strings */ = {
			isa = PBXVariantGroup;
			children = (
				9CB9CC151A6C9CC300DA02DD /* en */,
			);
			name = InfoPlist.strings;
			sourceTree = "<group>";
		};
		9CB9CC1D1A6C9CC300DA02DD /* Main.storyboard */ = {
			isa = PBXVariantGroup;
			children = (
				9CB9CC1E1A6C9CC300DA02DD /* Base */,
			);
			name = Main.storyboard;
			sourceTree = "<group>";
		};
		9CB9CC331A6C9CC400DA02DD /* InfoPlist.strings */ = {
			isa = PBXVariantGroup;
			children = (
				9CB9CC341A6C9CC400DA02DD /* en */,
			);
			name = InfoPlist.strings;
			sourceTree = "<group>";
		};
/* End PBXVariantGroup section */

/* Begin XCBuildConfiguration section */
		9CB9CC381A6C9CC400DA02DD /* Debug */ = {
			isa = XCBuildConfiguration;
			buildSettings = {
				ALWAYS_SEARCH_USER_PATHS = NO;
				CLANG_CXX_LANGUAGE_STANDARD = "gnu++0x";
				CLANG_CXX_LIBRARY = "libc++";
				CLANG_ENABLE_MODULES = YES;
				CLANG_ENABLE_OBJC_ARC = YES;
				CLANG_WARN_BOOL_CONVERSION = YES;
				CLANG_WARN_CONSTANT_CONVERSION = YES;
				CLANG_WARN_DIRECT_OBJC_ISA_USAGE = YES_ERROR;
				CLANG_WARN_EMPTY_BODY = YES;
				CLANG_WARN_ENUM_CONVERSION = YES;
				CLANG_WARN_INT_CONVERSION = YES;
				CLANG_WARN_OBJC_ROOT_CLASS = YES_ERROR;
				CLANG_WARN__DUPLICATE_METHOD_MATCH = YES;
				"CODE_SIGN_IDENTITY[sdk=iphoneos*]" = "iPhone Developer";
				COPY_PHASE_STRIP = NO;
				GCC_C_LANGUAGE_STANDARD = gnu99;
				GCC_DYNAMIC_NO_PIC = NO;
				GCC_OPTIMIZATION_LEVEL = 0;
				GCC_PREPROCESSOR_DEFINITIONS = (
					"DEBUG=1",
					"$(inherited)",
				);
				GCC_SYMBOLS_PRIVATE_EXTERN = NO;
				GCC_WARN_64_TO_32_BIT_CONVERSION = YES;
				GCC_WARN_ABOUT_RETURN_TYPE = YES_ERROR;
				GCC_WARN_UNDECLARED_SELECTOR = YES;
				GCC_WARN_UNINITIALIZED_AUTOS = YES_AGGRESSIVE;
				GCC_WARN_UNUSED_FUNCTION = YES;
				GCC_WARN_UNUSED_VARIABLE = YES;
				IPHONEOS_DEPLOYMENT_TARGET = 7.1;
				ONLY_ACTIVE_ARCH = YES;
				SDKROOT = iphoneos;
			};
			name = Debug;
		};
		9CB9CC391A6C9CC400DA02DD /* Release */ = {
			isa = XCBuildConfiguration;
			buildSettings = {
				ALWAYS_SEARCH_USER_PATHS = NO;
				CLANG_CXX_LANGUAGE_STANDARD = "gnu++0x";
				CLANG_CXX_LIBRARY = "libc++";
				CLANG_ENABLE_MODULES = YES;
				CLANG_ENABLE_OBJC_ARC = YES;
				CLANG_WARN_BOOL_CONVERSION = YES;
				CLANG_WARN_CONSTANT_CONVERSION = YES;
				CLANG_WARN_DIRECT_OBJC_ISA_USAGE = YES_ERROR;
				CLANG_WARN_EMPTY_BODY = YES;
				CLANG_WARN_ENUM_CONVERSION = YES;
				CLANG_WARN_INT_CONVERSION = YES;
				CLANG_WARN_OBJC_ROOT_CLASS = YES_ERROR;
				CLANG_WARN__DUPLICATE_METHOD_MATCH = YES;
				"CODE_SIGN_IDENTITY[sdk=iphoneos*]" = "iPhone Developer";
				COPY_PHASE_STRIP = YES;
				ENABLE_NS_ASSERTIONS = NO;
				GCC_C_LANGUAGE_STANDARD = gnu99;
				GCC_WARN_64_TO_32_BIT_CONVERSION = YES;
				GCC_WARN_ABOUT_RETURN_TYPE = YES_ERROR;
				GCC_WARN_UNDECLARED_SELECTOR = YES;
				GCC_WARN_UNINITIALIZED_AUTOS = YES_AGGRESSIVE;
				GCC_WARN_UNUSED_FUNCTION = YES;
				GCC_WARN_UNUSED_VARIABLE = YES;
				IPHONEOS_DEPLOYMENT_TARGET = 7.1;
				SDKROOT = iphoneos;
				VALIDATE_PRODUCT = YES;
			};
			name = Release;
		};
		9CB9CC3B1A6C9CC400DA02DD /* Debug */ = {
			isa = XCBuildConfiguration;
			buildSettings = {
				ASSETCATALOG_COMPILER_APPICON_NAME = AppIcon;
				ASSETCATALOG_COMPILER_LAUNCHIMAGE_NAME = LaunchImage;
				CODE_SIGN_IDENTITY = "";
				GCC_PRECOMPILE_PREFIX_HEADER = YES;
				GCC_PREFIX_HEADER = "gbEmulator/gbEmulator-Prefix.pch";
				INFOPLIST_FILE = "gbEmulator/gbEmulator-Info.plist";
				PRODUCT_NAME = "$(TARGET_NAME)";
				WRAPPER_EXTENSION = app;
			};
			name = Debug;
		};
		9CB9CC3C1A6C9CC400DA02DD /* Release */ = {
			isa = XCBuildConfiguration;
			buildSettings = {
				ASSETCATALOG_COMPILER_APPICON_NAME = AppIcon;
				ASSETCATALOG_COMPILER_LAUNCHIMAGE_NAME = LaunchImage;
				GCC_PRECOMPILE_PREFIX_HEADER = YES;
				GCC_PREFIX_HEADER = "gbEmulator/gbEmulator-Prefix.pch";
				INFOPLIST_FILE = "gbEmulator/gbEmulator-Info.plist";
				PRODUCT_NAME = "$(TARGET_NAME)";
				WRAPPER_EXTENSION = app;
			};
			name = Release;
		};
		9CB9CC3E1A6C9CC400DA02DD /* Debug */ = {
			isa = XCBuildConfiguration;
			buildSettings = {
				BUNDLE_LOADER = "$(BUILT_PRODUCTS_DIR)/gbEmulator.app/gbEmulator";
				FRAMEWORK_SEARCH_PATHS = (
					"$(SDKROOT)/Developer/Library/Frameworks",
					"$(inherited)",
					"$(DEVELOPER_FRAMEWORKS_DIR)",
				);
				GCC_PRECOMPILE_PREFIX_HEADER = YES;
				GCC_PREFIX_HEADER = "gbEmulator/gbEmulator-Prefix.pch";
				GCC_PREPROCESSOR_DEFINITIONS = (
					"DEBUG=1",
					"$(inherited)",
				);
				INFOPLIST_FILE = "gbEmulatorTests/gbEmulatorTests-Info.plist";
				PRODUCT_NAME = "$(TARGET_NAME)";
				TEST_HOST = "$(BUNDLE_LOADER)";
				WRAPPER_EXTENSION = xctest;
			};
			name = Debug;
		};
		9CB9CC3F1A6C9CC400DA02DD /* Release */ = {
			isa = XCBuildConfiguration;
			buildSettings = {
				BUNDLE_LOADER = "$(BUILT_PRODUCTS_DIR)/gbEmulator.app/gbEmulator";
				FRAMEWORK_SEARCH_PATHS = (
					"$(SDKROOT)/Developer/Library/Frameworks",
					"$(inherited)",
					"$(DEVELOPER_FRAMEWORKS_DIR)",
				);
				GCC_PRECOMPILE_PREFIX_HEADER = YES;
				GCC_PREFIX_HEADER = "gbEmulator/gbEmulator-Prefix.pch";
				INFOPLIST_FILE = "gbEmulatorTests/gbEmulatorTests-Info.plist";
				PRODUCT_NAME = "$(TARGET_NAME)";
				TEST_HOST = "$(BUNDLE_LOADER)";
				WRAPPER_EXTENSION = xctest;
			};
			name = Release;
		};
/* End XCBuildConfiguration section */

/* Begin XCConfigurationList section */
		9CB9CC031A6C9CC300DA02DD /* Build configuration list for PBXProject "gbEmulator" */ = {
			isa = XCConfigurationList;
			buildConfigurations = (
				9CB9CC381A6C9CC400DA02DD /* Debug */,
				9CB9CC391A6C9CC400DA02DD /* Release */,
			);
			defaultConfigurationIsVisible = 0;
			defaultConfigurationName = Release;
		};
		9CB9CC3A1A6C9CC400DA02DD /* Build configuration list for PBXNativeTarget "gbEmulator" */ = {
			isa = XCConfigurationList;
			buildConfigurations = (
				9CB9CC3B1A6C9CC400DA02DD /* Debug */,
				9CB9CC3C1A6C9CC400DA02DD /* Release */,
			);
			defaultConfigurationIsVisible = 0;
			defaultConfigurationName = Release;
		};
		9CB9CC3D1A6C9CC400DA02DD /* Build configuration list for PBXNativeTarget "gbEmulatorTests" */ = {
			isa = XCConfigurationList;
			buildConfigurations = (
				9CB9CC3E1A6C9CC400DA02DD /* Debug */,
				9CB9CC3F1A6C9CC400DA02DD /* Release */,
			);
			defaultConfigurationIsVisible = 0;
			defaultConfigurationName = Release;
		};
/* End XCConfigurationList section */
	};
	rootObject = 9CB9CC001A6C9CC300DA02DD /* Project object */;
}
